
Microsoft Visual Studio Solution File, Format Version 12.00
# Visual Studio Version 16
VisualStudioVersion = 16.0.30309.148
MinimumVisualStudioVersion = 10.0.40219.1
Project("{8BC9CEB8-8B4A-11D0-8D11-00A0C91BC942}") = "base", "base\base.vcxproj", "{B762AF39-B217-41F2-9D7B-E55EDB99F9CC}"
EndProject
Project("{8BC9CEB8-8B4A-11D0-8D11-00A0C91BC942}") = "test_base", "test_base\test_base.vcxproj", "{16CD023E-334A-4D66-A243-76A5B30F18B9}"
	ProjectSection(ProjectDependencies) = postProject
		{B762AF39-B217-41F2-9D7B-E55EDB99F9CC} = {B762AF39-B217-41F2-9D7B-E55EDB99F9CC}
		{57285F70-013F-41B8-AA7F-4FBFA1005372} = {57285F70-013F-41B8-AA7F-4FBFA1005372}
		{FD7F12A0-B830-4225-8249-5A41D28277B5} = {FD7F12A0-B830-4225-8249-5A41D28277B5}
		{05A295B9-8A6F-4645-A87A-95E460EE46C8} = {05A295B9-8A6F-4645-A87A-95E460EE46C8}
		{3F19C1C0-7F28-4DF0-84CC-C69FFB55F359} = {3F19C1C0-7F28-4DF0-84CC-C69FFB55F359}
		{80817CD3-82CB-4118-9D70-B70F1648B90F} = {80817CD3-82CB-4118-9D70-B70F1648B90F}
	EndProjectSection
EndProject
Project("{8BC9CEB8-8B4A-11D0-8D11-00A0C91BC942}") = "rfc_algorithm", "rfc_algorithm\rfc_algorithm.vcxproj", "{05A295B9-8A6F-4645-A87A-95E460EE46C8}"
EndProject
Project("{8BC9CEB8-8B4A-11D0-8D11-00A0C91BC942}") = "message_framework", "message_framework\message_framework.vcxproj", "{FD7F12A0-B830-4225-8249-5A41D28277B5}"
EndProject
Project("{8BC9CEB8-8B4A-11D0-8D11-00A0C91BC942}") = "animation", "animation\animation.vcxproj", "{80817CD3-82CB-4118-9D70-B70F1648B90F}"
EndProject
Project("{8BC9CEB8-8B4A-11D0-8D11-00A0C91BC942}") = "gfx", "gfx\gfx.vcxproj", "{57285F70-013F-41B8-AA7F-4FBFA1005372}"
EndProject
Project("{8BC9CEB8-8B4A-11D0-8D11-00A0C91BC942}") = "view_framework", "view_framework\view_framework.vcxproj", "{3F19C1C0-7F28-4DF0-84CC-C69FFB55F359}"
EndProject
Project("{8BC9CEB8-8B4A-11D0-8D11-00A0C91BC942}") = "test_view", "test_view\test_view.vcxproj", "{F19EF4AA-5DD6-4E44-9B8E-2455568AE16E}"
	ProjectSection(ProjectDependencies) = postProject
		{B762AF39-B217-41F2-9D7B-E55EDB99F9CC} = {B762AF39-B217-41F2-9D7B-E55EDB99F9CC}
		{57285F70-013F-41B8-AA7F-4FBFA1005372} = {57285F70-013F-41B8-AA7F-4FBFA1005372}
		{FD7F12A0-B830-4225-8249-5A41D28277B5} = {FD7F12A0-B830-4225-8249-5A41D28277B5}
		{05A295B9-8A6F-4645-A87A-95E460EE46C8} = {05A295B9-8A6F-4645-A87A-95E460EE46C8}
		{3F19C1C0-7F28-4DF0-84CC-C69FFB55F359} = {3F19C1C0-7F28-4DF0-84CC-C69FFB55F359}
		{80817CD3-82CB-4118-9D70-B70F1648B90F} = {80817CD3-82CB-4118-9D70-B70F1648B90F}
	EndProjectSection
EndProject
Global
	GlobalSection(SolutionConfigurationPlatforms) = preSolution
		Debug|Win32 = Debug|Win32
		Release|Win32 = Release|Win32
	EndGlobalSection
	GlobalSection(ProjectConfigurationPlatforms) = postSolution
		{B762AF39-B217-41F2-9D7B-E55EDB99F9CC}.Debug|Win32.ActiveCfg = Debug|Win32
		{B762AF39-B217-41F2-9D7B-E55EDB99F9CC}.Debug|Win32.Build.0 = Debug|Win32
		{B762AF39-B217-41F2-9D7B-E55EDB99F9CC}.Release|Win32.ActiveCfg = Release|Win32
		{B762AF39-B217-41F2-9D7B-E55EDB99F9CC}.Release|Win32.Build.0 = Release|Win32
		{16CD023E-334A-4D66-A243-76A5B30F18B9}.Debug|Win32.ActiveCfg = Debug|Win32
		{16CD023E-334A-4D66-A243-76A5B30F18B9}.Debug|Win32.Build.0 = Debug|Win32
		{16CD023E-334A-4D66-A243-76A5B30F18B9}.Release|Win32.ActiveCfg = Release|Win32
		{16CD023E-334A-4D66-A243-76A5B30F18B9}.Release|Win32.Build.0 = Release|Win32
		{05A295B9-8A6F-4645-A87A-95E460EE46C8}.Debug|Win32.ActiveCfg = Debug|Win32
		{05A295B9-8A6F-4645-A87A-95E460EE46C8}.Debug|Win32.Build.0 = Debug|Win32
		{05A295B9-8A6F-4645-A87A-95E460EE46C8}.Release|Win32.ActiveCfg = Release|Win32
		{05A295B9-8A6F-4645-A87A-95E460EE46C8}.Release|Win32.Build.0 = Release|Win32
		{FD7F12A0-B830-4225-8249-5A41D28277B5}.Debug|Win32.ActiveCfg = Debug|Win32
		{FD7F12A0-B830-4225-8249-5A41D28277B5}.Debug|Win32.Build.0 = Debug|Win32
		{FD7F12A0-B830-4225-8249-5A41D28277B5}.Release|Win32.ActiveCfg = Release|Win32
		{FD7F12A0-B830-4225-8249-5A41D28277B5}.Release|Win32.Build.0 = Release|Win32
		{80817CD3-82CB-4118-9D70-B70F1648B90F}.Debug|Win32.ActiveCfg = Debug|Win32
		{80817CD3-82CB-4118-9D70-B70F1648B90F}.Debug|Win32.Build.0 = Debug|Win32
		{80817CD3-82CB-4118-9D70-B70F1648B90F}.Release|Win32.ActiveCfg = Release|Win32
		{80817CD3-82CB-4118-9D70-B70F1648B90F}.Release|Win32.Build.0 = Release|Win32
		{57285F70-013F-41B8-AA7F-4FBFA1005372}.Debug|Win32.ActiveCfg = Debug|Win32
		{57285F70-013F-41B8-AA7F-4FBFA1005372}.Debug|Win32.Build.0 = Debug|Win32
		{57285F70-013F-41B8-AA7F-4FBFA1005372}.Release|Win32.ActiveCfg = Release|Win32
		{57285F70-013F-41B8-AA7F-4FBFA1005372}.Release|Win32.Build.0 = Release|Win32
		{3F19C1C0-7F28-4DF0-84CC-C69FFB55F359}.Debug|Win32.ActiveCfg = Debug|Win32
		{3F19C1C0-7F28-4DF0-84CC-C69FFB55F359}.Debug|Win32.Build.0 = Debug|Win32
		{3F19C1C0-7F28-4DF0-84CC-C69FFB55F359}.Release|Win32.ActiveCfg = Release|Win32
		{3F19C1C0-7F28-4DF0-84CC-C69FFB55F359}.Release|Win32.Build.0 = Release|Win32
		{F19EF4AA-5DD6-4E44-9B8E-2455568AE16E}.Debug|Win32.ActiveCfg = Debug|Win32
		{F19EF4AA-5DD6-4E44-9B8E-2455568AE16E}.Debug|Win32.Build.0 = Debug|Win32
		{F19EF4AA-5DD6-4E44-9B8E-2455568AE16E}.Release|Win32.ActiveCfg = Release|Win32
		{F19EF4AA-5DD6-4E44-9B8E-2455568AE16E}.Release|Win32.Build.0 = Release|Win32
	EndGlobalSection
	GlobalSection(SolutionProperties) = preSolution
		HideSolutionNode = FALSE
	EndGlobalSection
	GlobalSection(ExtensibilityGlobals) = postSolution
		SolutionGuid = {79921306-9126-4E21-9CB4-9773D73B8B55}
	EndGlobalSection
EndGlobal
